
Microsoft Visual Studio Solution File, Format Version 12.00
# Visual Studio Version 17
VisualStudioVersion = 17.3.32922.545
MinimumVisualStudioVersion = 10.0.40219.1
Project("{9A19103F-16F7-4668-BE54-9A1E7A4F7556}") = "Blazor Helloworld ex1", "Blazor Helloworld ex1.csproj", "{E884FAC9-19E6-4173-BE13-C3546381D759}"
EndProject
Global
	GlobalSection(SolutionConfigurationPlatforms) = preSolution
		Debug|Any CPU = Debug|Any CPU
		Release|Any CPU = Release|Any CPU
	EndGlobalSection
	GlobalSection(ProjectConfigurationPlatforms) = postSolution
		{E884FAC9-19E6-4173-BE13-C3546381D759}.Debug|Any CPU.ActiveCfg = Debug|Any CPU
		{E884FAC9-19E6-4173-BE13-C3546381D759}.Debug|Any CPU.Build.0 = Debug|Any CPU
		{E884FAC9-19E6-4173-BE13-C3546381D759}.Release|Any CPU.ActiveCfg = Release|Any CPU
		{E884FAC9-19E6-4173-BE13-C3546381D759}.Release|Any CPU.Build.0 = Release|Any CPU
	EndGlobalSection
	GlobalSection(SolutionProperties) = preSolution
		HideSolutionNode = FALSE
	EndGlobalSection
	GlobalSection(ExtensibilityGlobals) = postSolution
		SolutionGuid = {E9B2657C-DF4B-4D70-8F9A-885D915D8A74}
	EndGlobalSection
EndGlobal
